<Solution>
  <Folder Name="/src/">
    <Project Path="Gefc.AI.Llm/Gefc.AI.Llm.csproj" />
    <Project Path="Gefc.AI.Llm.Providers.Gemini/Gefc.AI.Llm.Providers.Gemini.csproj" />
    <Project Path="Gefc.AI.Llm.Providers.Ollama/Gefc.AI.Llm.Providers.Ollama.csproj" />
  </Folder>
  <Folder Name="/samples/">
    <Project Path="samples/Gefc.AI.Llm.Demo/Gefc.AI.Llm.Demo.csproj" />
  </Folder>
  <Folder Name="/tests/">
    <Project Path="tests/Gefc.AI.Llm.Tests/Gefc.AI.Llm.Tests.csproj" />
  </Folder>
</Solution>
